
Microsoft Visual Studio Solution File, Format Version 12.00
# Visual Studio 2012
Project("{FAE04EC0-301F-11D3-BF4B-00C04F79EFBC}") = "RSAfFile", "WindowsFormsApplication1\RSAfFile.csproj", "{965AB7E7-8ACC-46AA-8E56-A4C56E6B75DE}"
EndProject
Global
	GlobalSection(SolutionConfigurationPlatforms) = preSolution
		Debug|Any CPU = Debug|Any CPU
		Release|Any CPU = Release|Any CPU
	EndGlobalSection
	GlobalSection(ProjectConfigurationPlatforms) = postSolution
		{965AB7E7-8ACC-46AA-8E56-A4C56E6B75DE}.Debug|Any CPU.ActiveCfg = Debug|Any CPU
		{965AB7E7-8ACC-46AA-8E56-A4C56E6B75DE}.Debug|Any CPU.Build.0 = Debug|Any CPU
		{965AB7E7-8ACC-46AA-8E56-A4C56E6B75DE}.Release|Any CPU.ActiveCfg = Release|Any CPU
		{965AB7E7-8ACC-46AA-8E56-A4C56E6B75DE}.Release|Any CPU.Build.0 = Release|Any CPU
	EndGlobalSection
	GlobalSection(SolutionProperties) = preSolution
		HideSolutionNode = FALSE
	EndGlobalSection
EndGlobal
